
<<<<<<< HEAD
Microsoft Visual Studio Solution File, Format Version 12.00
# Visual Studio 2017
Project("{FAE04EC0-301F-11D3-BF4B-00C04F79EFBC}") = "Quackathon", "Quackathon.csproj", "{ABA341A4-F514-7D5A-A4C8-30858D9BB6AE}"
EndProject
Project("{FAE04EC0-301F-11D3-BF4B-00C04F79EFBC}") = "Quackathon.Editor", "Quackathon.Editor.csproj", "{935C9EDC-5000-DA89-E131-E3B2B4C2EEFA}"
=======
Microsoft Visual Studio Solution File, Format Version 11.00
# Visual Studio 2010
Project("{FAE04EC0-301F-11D3-BF4B-00C04F79EFBC}") = "Quackathon", "Assembly-CSharp.csproj", "{61CCFE94-05CE-668B-F78A-3D1468BDE1B9}"
EndProject
Project("{FAE04EC0-301F-11D3-BF4B-00C04F79EFBC}") = "Quackathon", "Assembly-CSharp-Editor.csproj", "{2A0277EB-9398-2DED-1C30-DD4CC8FA32B2}"
>>>>>>> 3b869f21a929fefa204b5ea59cc38ea0e993bfa9
EndProject
Global
	GlobalSection(SolutionConfigurationPlatforms) = preSolution
		Debug|Any CPU = Debug|Any CPU
		Release|Any CPU = Release|Any CPU
	EndGlobalSection
	GlobalSection(ProjectConfigurationPlatforms) = postSolution
<<<<<<< HEAD
		{ABA341A4-F514-7D5A-A4C8-30858D9BB6AE}.Debug|Any CPU.ActiveCfg = Debug|Any CPU
		{ABA341A4-F514-7D5A-A4C8-30858D9BB6AE}.Debug|Any CPU.Build.0 = Debug|Any CPU
		{ABA341A4-F514-7D5A-A4C8-30858D9BB6AE}.Release|Any CPU.ActiveCfg = Release|Any CPU
		{ABA341A4-F514-7D5A-A4C8-30858D9BB6AE}.Release|Any CPU.Build.0 = Release|Any CPU
		{935C9EDC-5000-DA89-E131-E3B2B4C2EEFA}.Debug|Any CPU.ActiveCfg = Debug|Any CPU
		{935C9EDC-5000-DA89-E131-E3B2B4C2EEFA}.Debug|Any CPU.Build.0 = Debug|Any CPU
		{935C9EDC-5000-DA89-E131-E3B2B4C2EEFA}.Release|Any CPU.ActiveCfg = Release|Any CPU
		{935C9EDC-5000-DA89-E131-E3B2B4C2EEFA}.Release|Any CPU.Build.0 = Release|Any CPU
=======
		{61CCFE94-05CE-668B-F78A-3D1468BDE1B9}.Debug|Any CPU.ActiveCfg = Debug|Any CPU
		{61CCFE94-05CE-668B-F78A-3D1468BDE1B9}.Debug|Any CPU.Build.0 = Debug|Any CPU
		{61CCFE94-05CE-668B-F78A-3D1468BDE1B9}.Release|Any CPU.ActiveCfg = Release|Any CPU
		{61CCFE94-05CE-668B-F78A-3D1468BDE1B9}.Release|Any CPU.Build.0 = Release|Any CPU
		{2A0277EB-9398-2DED-1C30-DD4CC8FA32B2}.Debug|Any CPU.ActiveCfg = Debug|Any CPU
		{2A0277EB-9398-2DED-1C30-DD4CC8FA32B2}.Debug|Any CPU.Build.0 = Debug|Any CPU
		{2A0277EB-9398-2DED-1C30-DD4CC8FA32B2}.Release|Any CPU.ActiveCfg = Release|Any CPU
		{2A0277EB-9398-2DED-1C30-DD4CC8FA32B2}.Release|Any CPU.Build.0 = Release|Any CPU
>>>>>>> 3b869f21a929fefa204b5ea59cc38ea0e993bfa9
	EndGlobalSection
	GlobalSection(SolutionProperties) = preSolution
		HideSolutionNode = FALSE
	EndGlobalSection
EndGlobal
